
Microsoft Visual Studio Solution File, Format Version 12.00
# Visual Studio 15
VisualStudioVersion = 15.0.28010.2026
MinimumVisualStudioVersion = 10.0.40219.1
Project("{9A19103F-16F7-4668-BE54-9A1E7A4F7556}") = "Const", "Const\Const.csproj", "{DD936D0C-A6E2-4AC1-BB2F-B07C13EF016E}"
EndProject
Project("{9A19103F-16F7-4668-BE54-9A1E7A4F7556}") = "ViewModel", "ViewModel\ViewModel.csproj", "{AEE1E3DF-F83A-421F-BE28-B47BA1C3315F}"
EndProject
Project("{9A19103F-16F7-4668-BE54-9A1E7A4F7556}") = "ExtentionMethod", "ExtentionMethod\ExtentionMethod.csproj", "{B7B71DEA-A043-49AA-BB93-328EEBB351DF}"
EndProject
Project("{9A19103F-16F7-4668-BE54-9A1E7A4F7556}") = "PesianLearning", "PesianLearning\PesianLearning.csproj", "{AAF8BC4D-84AB-44F5-8F76-03A9B8D455B3}"
EndProject
Project("{9A19103F-16F7-4668-BE54-9A1E7A4F7556}") = "Bussines", "Bussines\Bussines.csproj", "{40DA95F9-135E-47A5-B730-0FD163472A47}"
EndProject
Project("{9A19103F-16F7-4668-BE54-9A1E7A4F7556}") = "Moldels", "Moldels\Moldels.csproj", "{D0F296DD-4DF5-4AFE-B1BB-2AFAEEA947C9}"
EndProject
Global
	GlobalSection(SolutionConfigurationPlatforms) = preSolution
		Debug|Any CPU = Debug|Any CPU
		Release|Any CPU = Release|Any CPU
	EndGlobalSection
	GlobalSection(ProjectConfigurationPlatforms) = postSolution
		{DD936D0C-A6E2-4AC1-BB2F-B07C13EF016E}.Debug|Any CPU.ActiveCfg = Debug|Any CPU
		{DD936D0C-A6E2-4AC1-BB2F-B07C13EF016E}.Debug|Any CPU.Build.0 = Debug|Any CPU
		{DD936D0C-A6E2-4AC1-BB2F-B07C13EF016E}.Release|Any CPU.ActiveCfg = Release|Any CPU
		{DD936D0C-A6E2-4AC1-BB2F-B07C13EF016E}.Release|Any CPU.Build.0 = Release|Any CPU
		{AEE1E3DF-F83A-421F-BE28-B47BA1C3315F}.Debug|Any CPU.ActiveCfg = Debug|Any CPU
		{AEE1E3DF-F83A-421F-BE28-B47BA1C3315F}.Debug|Any CPU.Build.0 = Debug|Any CPU
		{AEE1E3DF-F83A-421F-BE28-B47BA1C3315F}.Release|Any CPU.ActiveCfg = Release|Any CPU
		{AEE1E3DF-F83A-421F-BE28-B47BA1C3315F}.Release|Any CPU.Build.0 = Release|Any CPU
		{B7B71DEA-A043-49AA-BB93-328EEBB351DF}.Debug|Any CPU.ActiveCfg = Debug|Any CPU
		{B7B71DEA-A043-49AA-BB93-328EEBB351DF}.Debug|Any CPU.Build.0 = Debug|Any CPU
		{B7B71DEA-A043-49AA-BB93-328EEBB351DF}.Release|Any CPU.ActiveCfg = Release|Any CPU
		{B7B71DEA-A043-49AA-BB93-328EEBB351DF}.Release|Any CPU.Build.0 = Release|Any CPU
		{AAF8BC4D-84AB-44F5-8F76-03A9B8D455B3}.Debug|Any CPU.ActiveCfg = Debug|Any CPU
		{AAF8BC4D-84AB-44F5-8F76-03A9B8D455B3}.Debug|Any CPU.Build.0 = Debug|Any CPU
		{AAF8BC4D-84AB-44F5-8F76-03A9B8D455B3}.Release|Any CPU.ActiveCfg = Release|Any CPU
		{AAF8BC4D-84AB-44F5-8F76-03A9B8D455B3}.Release|Any CPU.Build.0 = Release|Any CPU
		{40DA95F9-135E-47A5-B730-0FD163472A47}.Debug|Any CPU.ActiveCfg = Debug|Any CPU
		{40DA95F9-135E-47A5-B730-0FD163472A47}.Debug|Any CPU.Build.0 = Debug|Any CPU
		{40DA95F9-135E-47A5-B730-0FD163472A47}.Release|Any CPU.ActiveCfg = Release|Any CPU
		{40DA95F9-135E-47A5-B730-0FD163472A47}.Release|Any CPU.Build.0 = Release|Any CPU
		{D0F296DD-4DF5-4AFE-B1BB-2AFAEEA947C9}.Debug|Any CPU.ActiveCfg = Debug|Any CPU
		{D0F296DD-4DF5-4AFE-B1BB-2AFAEEA947C9}.Debug|Any CPU.Build.0 = Debug|Any CPU
		{D0F296DD-4DF5-4AFE-B1BB-2AFAEEA947C9}.Release|Any CPU.ActiveCfg = Release|Any CPU
		{D0F296DD-4DF5-4AFE-B1BB-2AFAEEA947C9}.Release|Any CPU.Build.0 = Release|Any CPU
	EndGlobalSection
	GlobalSection(SolutionProperties) = preSolution
		HideSolutionNode = FALSE
	EndGlobalSection
	GlobalSection(ExtensibilityGlobals) = postSolution
		SolutionGuid = {090E387B-F8E0-4E18-97A3-EEF8859B8C1B}
	EndGlobalSection
EndGlobal
